// !$*UTF8*$!
{
	archiveVersion = 1;
	classes = {
	};
	objectVersion = 48;
	objects = {

/* Begin PBXBuildFile section */
		8B006C7720C59F380052D869 /* CollectionViewCell.swift in Sources */ = {isa = PBXBuildFile; fileRef = 8B006C7620C59F380052D869 /* CollectionViewCell.swift */; };
		8BEA7F8C20C441F0007708FF /* AppDelegate.swift in Sources */ = {isa = PBXBuildFile; fileRef = 8BEA7F8B20C441F0007708FF /* AppDelegate.swift */; };
		8BEA7F8E20C441F0007708FF /* ViewController.swift in Sources */ = {isa = PBXBuildFile; fileRef = 8BEA7F8D20C441F0007708FF /* ViewController.swift */; };
		8BEA7F9120C441F0007708FF /* Main.storyboard in Resources */ = {isa = PBXBuildFile; fileRef = 8BEA7F8F20C441F0007708FF /* Main.storyboard */; };
		8BEA7F9320C441F0007708FF /* Assets.xcassets in Resources */ = {isa = PBXBuildFile; fileRef = 8BEA7F9220C441F0007708FF /* Assets.xcassets */; };
		8BEA7F9620C441F0007708FF /* LaunchScreen.storyboard in Resources */ = {isa = PBXBuildFile; fileRef = 8BEA7F9420C441F0007708FF /* LaunchScreen.storyboard */; };
/* End PBXBuildFile section */

/* Begin PBXFileReference section */
		8B006C7620C59F380052D869 /* CollectionViewCell.swift */ = {isa = PBXFileReference; lastKnownFileType = sourcecode.swift; path = CollectionViewCell.swift; sourceTree = "<group>"; };
		8BEA7F8820C441F0007708FF /* NewsPageTest.app */ = {isa = PBXFileReference; explicitFileType = wrapper.application; includeInIndex = 0; path = NewsPageTest.app; sourceTree = BUILT_PRODUCTS_DIR; };
		8BEA7F8B20C441F0007708FF /* AppDelegate.swift */ = {isa = PBXFileReference; lastKnownFileType = sourcecode.swift; path = AppDelegate.swift; sourceTree = "<group>"; };
		8BEA7F8D20C441F0007708FF /* ViewController.swift */ = {isa = PBXFileReference; lastKnownFileType = sourcecode.swift; path = ViewController.swift; sourceTree = "<group>"; };
		8BEA7F9020C441F0007708FF /* Base */ = {isa = PBXFileReference; lastKnownFileType = file.storyboard; name = Base; path = Base.lproj/Main.storyboard; sourceTree = "<group>"; };
		8BEA7F9220C441F0007708FF /* Assets.xcassets */ = {isa = PBXFileReference; lastKnownFileType = folder.assetcatalog; path = Assets.xcassets; sourceTree = "<group>"; };
		8BEA7F9520C441F0007708FF /* Base */ = {isa = PBXFileReference; lastKnownFileType = file.storyboard; name = Base; path = Base.lproj/LaunchScreen.storyboard; sourceTree = "<group>"; };
		8BEA7F9720C441F0007708FF /* Info.plist */ = {isa = PBXFileReference; lastKnownFileType = text.plist.xml; path = Info.plist; sourceTree = "<group>"; };
/* End PBXFileReference section */

/* Begin PBXFrameworksBuildPhase section */
		8BEA7F8520C441F0007708FF /* Frameworks */ = {
			isa = PBXFrameworksBuildPhase;
			buildActionMask = 2147483647;
			files = (
			);
			runOnlyForDeploymentPostprocessing = 0;
		};
/* End PBXFrameworksBuildPhase section */

/* Begin PBXGroup section */
		8BEA7F7F20C441F0007708FF = {
			isa = PBXGroup;
			children = (
				8BEA7F8A20C441F0007708FF /* NewsPageTest */,
				8BEA7F8920C441F0007708FF /* Products */,
			);
			sourceTree = "<group>";
		};
		8BEA7F8920C441F0007708FF /* Products */ = {
			isa = PBXGroup;
			children = (
				8BEA7F8820C441F0007708FF /* NewsPageTest.app */,
			);
			name = Products;
			sourceTree = "<group>";
		};
		8BEA7F8A20C441F0007708FF /* NewsPageTest */ = {
			isa = PBXGroup;
			children = (
				8BEA7F8B20C441F0007708FF /* AppDelegate.swift */,
				8BEA7F8D20C441F0007708FF /* ViewController.swift */,
				8B006C7620C59F380052D869 /* CollectionViewCell.swift */,
				8BEA7F8F20C441F0007708FF /* Main.storyboard */,
				8BEA7F9220C441F0007708FF /* Assets.xcassets */,
				8BEA7F9420C441F0007708FF /* LaunchScreen.storyboard */,
				8BEA7F9720C441F0007708FF /* Info.plist */,
			);
			path = NewsPageTest;
			sourceTree = "<group>";
		};
/* End PBXGroup section */

/* Begin PBXNativeTarget section */
		8BEA7F8720C441F0007708FF /* NewsPageTest */ = {
			isa = PBXNativeTarget;
			buildConfigurationList = 8BEA7F9A20C441F0007708FF /* Build configuration list for PBXNativeTarget "NewsPageTest" */;
			buildPhases = (
				8BEA7F8420C441F0007708FF /* Sources */,
				8BEA7F8520C441F0007708FF /* Frameworks */,
				8BEA7F8620C441F0007708FF /* Resources */,
			);
			buildRules = (
			);
			dependencies = (
			);
			name = NewsPageTest;
			productName = NewsPageTest;
			productReference = 8BEA7F8820C441F0007708FF /* NewsPageTest.app */;
			productType = "com.apple.product-type.application";
		};
/* End PBXNativeTarget section */

/* Begin PBXProject section */
		8BEA7F8020C441F0007708FF /* Project object */ = {
			isa = PBXProject;
			attributes = {
				LastSwiftUpdateCheck = 0920;
				LastUpgradeCheck = 0920;
				ORGANIZATIONNAME = developer;
				TargetAttributes = {
					8BEA7F8720C441F0007708FF = {
						CreatedOnToolsVersion = 9.2;
						ProvisioningStyle = Manual;
					};
				};
			};
			buildConfigurationList = 8BEA7F8320C441F0007708FF /* Build configuration list for PBXProject "NewsPageTest" */;
			compatibilityVersion = "Xcode 8.0";
			developmentRegion = en;
			hasScannedForEncodings = 0;
			knownRegions = (
				en,
				Base,
			);
			mainGroup = 8BEA7F7F20C441F0007708FF;
			productRefGroup = 8BEA7F8920C441F0007708FF /* Products */;
			projectDirPath = "";
			projectRoot = "";
			targets = (
				8BEA7F8720C441F0007708FF /* NewsPageTest */,
			);
		};
/* End PBXProject section */

/* Begin PBXResourcesBuildPhase section */
		8BEA7F8620C441F0007708FF /* Resources */ = {
			isa = PBXResourcesBuildPhase;
			buildActionMask = 2147483647;
			files = (
				8BEA7F9620C441F0007708FF /* LaunchScreen.storyboard in Resources */,
				8BEA7F9320C441F0007708FF /* Assets.xcassets in Resources */,
				8BEA7F9120C441F0007708FF /* Main.storyboard in Resources */,
			);
			runOnlyForDeploymentPostprocessing = 0;
		};
/* End PBXResourcesBuildPhase section */

/* Begin PBXSourcesBuildPhase section */
		8BEA7F8420C441F0007708FF /* Sources */ = {
			isa = PBXSourcesBuildPhase;
			buildActionMask = 2147483647;
			files = (
				8BEA7F8E20C441F0007708FF /* ViewController.swift in Sources */,
				8BEA7F8C20C441F0007708FF /* AppDelegate.swift in Sources */,
				8B006C7720C59F380052D869 /* CollectionViewCell.swift in Sources */,
			);
			runOnlyForDeploymentPostprocessing = 0;
		};
/* End PBXSourcesBuildPhase section */

/* Begin PBXVariantGroup section */
		8BEA7F8F20C441F0007708FF /* Main.storyboard */ = {
			isa = PBXVariantGroup;
			children = (
				8BEA7F9020C441F0007708FF /* Base */,
			);
			name = Main.storyboard;
			sourceTree = "<group>";
		};
		8BEA7F9420C441F0007708FF /* LaunchScreen.storyboard */ = {
			isa = PBXVariantGroup;
			children = (
				8BEA7F9520C441F0007708FF /* Base */,
			);
			name = LaunchScreen.storyboard;
			sourceTree = "<group>";
		};
/* End PBXVariantGroup section */

/* Begin XCBuildConfiguration section */
		8BEA7F9820C441F0007708FF /* Debug */ = {
			isa = XCBuildConfiguration;
			buildSettings = {
				ALWAYS_SEARCH_USER_PATHS = NO;
				CLANG_ANALYZER_NONNULL = YES;
				CLANG_ANALYZER_NUMBER_OBJECT_CONVERSION = YES_AGGRESSIVE;
				CLANG_CXX_LANGUAGE_STANDARD = "gnu++14";
				CLANG_CXX_LIBRARY = "libc++";
				CLANG_ENABLE_MODULES = YES;
				CLANG_ENABLE_OBJC_ARC = YES;
				CLANG_WARN_BLOCK_CAPTURE_AUTORELEASING = YES;
				CLANG_WARN_BOOL_CONVERSION = YES;
				CLANG_WARN_COMMA = YES;
				CLANG_WARN_CONSTANT_CONVERSION = YES;
				CLANG_WARN_DIRECT_OBJC_ISA_USAGE = YES_ERROR;
				CLANG_WARN_DOCUMENTATION_COMMENTS = YES;
				CLANG_WARN_EMPTY_BODY = YES;
				CLANG_WARN_ENUM_CONVERSION = YES;
				CLANG_WARN_INFINITE_RECURSION = YES;
				CLANG_WARN_INT_CONVERSION = YES;
				CLANG_WARN_NON_LITERAL_NULL_CONVERSION = YES;
				CLANG_WARN_OBJC_LITERAL_CONVERSION = YES;
				CLANG_WARN_OBJC_ROOT_CLASS = YES_ERROR;
				CLANG_WARN_RANGE_LOOP_ANALYSIS = YES;
				CLANG_WARN_STRICT_PROTOTYPES = YES;
				CLANG_WARN_SUSPICIOUS_MOVE = YES;
				CLANG_WARN_UNGUARDED_AVAILABILITY = YES_AGGRESSIVE;
				CLANG_WARN_UNREACHABLE_CODE = YES;
				CLANG_WARN__DUPLICATE_METHOD_MATCH = YES;
				CODE_SIGN_IDENTITY = "iPhone Developer";
				COPY_PHASE_STRIP = NO;
				DEBUG_INFORMATION_FORMAT = dwarf;
				ENABLE_STRICT_OBJC_MSGSEND = YES;
				ENABLE_TESTABILITY = YES;
				GCC_C_LANGUAGE_STANDARD = gnu11;
				GCC_DYNAMIC_NO_PIC = NO;
				GCC_NO_COMMON_BLOCKS = YES;
				GCC_OPTIMIZATION_LEVEL = 0;
				GCC_PREPROCESSOR_DEFINITIONS = (
					"DEBUG=1",
					"$(inherited)",
				);
				GCC_WARN_64_TO_32_BIT_CONVERSION = YES;
				GCC_WARN_ABOUT_RETURN_TYPE = YES_ERROR;
				GCC_WARN_UNDECLARED_SELECTOR = YES;
				GCC_WARN_UNINITIALIZED_AUTOS = YES_AGGRESSIVE;
				GCC_WARN_UNUSED_FUNCTION = YES;
				GCC_WARN_UNUSED_VARIABLE = YES;
				IPHONEOS_DEPLOYMENT_TARGET = 11.2;
				MTL_ENABLE_DEBUG_INFO = YES;
				ONLY_ACTIVE_ARCH = YES;
				SDKROOT = iphoneos;
				SWIFT_ACTIVE_COMPILATION_CONDITIONS = DEBUG;
				SWIFT_OPTIMIZATION_LEVEL = "-Onone";
			};
			name = Debug;
		};
		8BEA7F9920C441F0007708FF /* Release */ = {
			isa = XCBuildConfiguration;
			buildSettings = {
				ALWAYS_SEARCH_USER_PATHS = NO;
				CLANG_ANALYZER_NONNULL = YES;
				CLANG_ANALYZER_NUMBER_OBJECT_CONVERSION = YES_AGGRESSIVE;
				CLANG_CXX_LANGUAGE_STANDARD = "gnu++14";
				CLANG_CXX_LIBRARY = "libc++";
				CLANG_ENABLE_MODULES = YES;
				CLANG_ENABLE_OBJC_ARC = YES;
				CLANG_WARN_BLOCK_CAPTURE_AUTORELEASING = YES;
				CLANG_WARN_BOOL_CONVERSION = YES;
				CLANG_WARN_COMMA = YES;
				CLANG_WARN_CONSTANT_CONVERSION = YES;
				CLANG_WARN_DIRECT_OBJC_ISA_USAGE = YES_ERROR;
				CLANG_WARN_DOCUMENTATION_COMMENTS = YES;
				CLANG_WARN_EMPTY_BODY = YES;
				CLANG_WARN_ENUM_CONVERSION = YES;
				CLANG_WARN_INFINITE_RECURSION = YES;
				CLANG_WARN_INT_CONVERSION = YES;
				CLANG_WARN_NON_LITERAL_NULL_CONVERSION = YES;
				CLANG_WARN_OBJC_LITERAL_CONVERSION = YES;
				CLANG_WARN_OBJC_ROOT_CLASS = YES_ERROR;
				CLANG_WARN_RANGE_LOOP_ANALYSIS = YES;
				CLANG_WARN_STRICT_PROTOTYPES = YES;
				CLANG_WARN_SUSPICIOUS_MOVE = YES;
				CLANG_WARN_UNGUARDED_AVAILABILITY = YES_AGGRESSIVE;
				CLANG_WARN_UNREACHABLE_CODE = YES;
				CLANG_WARN__DUPLICATE_METHOD_MATCH = YES;
				CODE_SIGN_IDENTITY = "iPhone Developer";
				COPY_PHASE_STRIP = NO;
				DEBUG_INFORMATION_FORMAT = "dwarf-with-dsym";
				ENABLE_NS_ASSERTIONS = NO;
				ENABLE_STRICT_OBJC_MSGSEND = YES;
				GCC_C_LANGUAGE_STANDARD = gnu11;
				GCC_NO_COMMON_BLOCKS = YES;
				GCC_WARN_64_TO_32_BIT_CONVERSION = YES;
				GCC_WARN_ABOUT_RETURN_TYPE = YES_ERROR;
				GCC_WARN_UNDECLARED_SELECTOR = YES;
				GCC_WARN_UNINITIALIZED_AUTOS = YES_AGGRESSIVE;
				GCC_WARN_UNUSED_FUNCTION = YES;
				GCC_WARN_UNUSED_VARIABLE = YES;
				IPHONEOS_DEPLOYMENT_TARGET = 11.2;
				MTL_ENABLE_DEBUG_INFO = NO;
				SDKROOT = iphoneos;
				SWIFT_OPTIMIZATION_LEVEL = "-Owholemodule";
				VALIDATE_PRODUCT = YES;
			};
			name = Release;
		};
		8BEA7F9B20C441F0007708FF /* Debug */ = {
			isa = XCBuildConfiguration;
			buildSettings = {
				ASSETCATALOG_COMPILER_APPICON_NAME = AppIcon;
				CODE_SIGN_STYLE = Manual;
				DEVELOPMENT_TEAM = "";
				INFOPLIST_FILE = NewsPageTest/Info.plist;
				LD_RUNPATH_SEARCH_PATHS = "$(inherited) @executable_path/Frameworks";
				PRODUCT_BUNDLE_IDENTIFIER = "-15k.NewsPageTest";
				PRODUCT_NAME = "$(TARGET_NAME)";
				PROVISIONING_PROFILE_SPECIFIER = "";
				SWIFT_VERSION = 4.0;
				TARGETED_DEVICE_FAMILY = "1,2";
			};
			name = Debug;
		};
		8BEA7F9C20C441F0007708FF /* Release */ = {
			isa = XCBuildConfiguration;
			buildSettings = {
				ASSETCATALOG_COMPILER_APPICON_NAME = AppIcon;
				CODE_SIGN_STYLE = Manual;
				DEVELOPMENT_TEAM = "";
				INFOPLIST_FILE = NewsPageTest/Info.plist;
				LD_RUNPATH_SEARCH_PATHS = "$(inherited) @executable_path/Frameworks";
				PRODUCT_BUNDLE_IDENTIFIER = "-15k.NewsPageTest";
				PRODUCT_NAME = "$(TARGET_NAME)";
				PROVISIONING_PROFILE_SPECIFIER = "";
				SWIFT_VERSION = 4.0;
				TARGETED_DEVICE_FAMILY = "1,2";
			};
			name = Release;
		};
/* End XCBuildConfiguration section */

/* Begin XCConfigurationList section */
		8BEA7F8320C441F0007708FF /* Build configuration list for PBXProject "NewsPageTest" */ = {
			isa = XCConfigurationList;
			buildConfigurations = (
				8BEA7F9820C441F0007708FF /* Debug */,
				8BEA7F9920C441F0007708FF /* Release */,
			);
			defaultConfigurationIsVisible = 0;
			defaultConfigurationName = Release;
		};
		8BEA7F9A20C441F0007708FF /* Build configuration list for PBXNativeTarget "NewsPageTest" */ = {
			isa = XCConfigurationList;
			buildConfigurations = (
				8BEA7F9B20C441F0007708FF /* Debug */,
				8BEA7F9C20C441F0007708FF /* Release */,
			);
			defaultConfigurationIsVisible = 0;
			defaultConfigurationName = Release;
		};
/* End XCConfigurationList section */
	};
	rootObject = 8BEA7F8020C441F0007708FF /* Project object */;
}
